<?xml version="1.0" encoding="UTF-8"?>
<Scheme
   LastUpgradeVersion = "0460"
   version = "1.3">
   <BuildAction
      parallelizeBuildables = "YES"
      buildImplicitDependencies = "YES">
      <BuildActionEntries>
         <BuildActionEntry
            buildForTesting = "YES"
            buildForRunning = "YES"
            buildForProfiling = "YES"
            buildForArchiving = "YES"
            buildForAnalyzing = "YES">
            <BuildableReference
               BuildableIdentifier = "primary"
               BlueprintIdentifier = "8EB865261614D11800DD60E6"
               BuildableName = "libkidozen.client.a"
               BlueprintName = "kidozen.client"
               ReferencedContainer = "container:kidozen.client.xcodeproj">
            </BuildableReference>
         </BuildActionEntry>
         <BuildActionEntry
            buildForTesting = "YES"
            buildForRunning = "NO"
            buildForProfiling = "NO"
            buildForArchiving = "NO"
            buildForAnalyzing = "NO">
            <BuildableReference
               BuildableIdentifier = "primary"
               BlueprintIdentifier = "AA8FEBDA165C116F00653F4B"
               BuildableName = "kidozen.client.tests.octest"
               BlueprintName = "kidozen.client.tests"
               ReferencedContainer = "container:kidozen.client.xcodeproj">
            </BuildableReference>
         </BuildActionEntry>
      </BuildActionEntries>
   </BuildAction>
   <TestAction
      selectedDebuggerIdentifier = "Xcode.DebuggerFoundation.Debugger.LLDB"
      selectedLauncherIdentifier = "Xcode.DebuggerFoundation.Launcher.LLDB"
      shouldUseLaunchSchemeArgsEnv = "YES"
      buildConfiguration = "Debug">
      <Testables>
         <TestableReference
            skipped = "NO">
            <BuildableReference
               BuildableIdentifier = "primary"
               BlueprintIdentifier = "AA8FEBDA165C116F00653F4B"
               BuildableName = "kidozen.client.tests.octest"
               BlueprintName = "kidozen.client.tests"
               ReferencedContainer = "container:kidozen.client.xcodeproj">
            </BuildableReference>
            <SkippedTests>
               <Test
                  Identifier = "KidoZenApplicationTests">
               </Test>
               <Test
                  Identifier = "KidoZenConfigurationTests">
               </Test>
               <Test
                  Identifier = "KidoZenEmailTests">
               </Test>
               <Test
                  Identifier = "KidoZenLoggingTests">
               </Test>
               <Test
                  Identifier = "KidoZenQueueTests">
               </Test>
               <Test
                  Identifier = "KidoZenUserAuthenticationTests">
               </Test>
               <Test
                  Identifier = "KidoZenStorageTests">
               </Test>
               <Test
                  Identifier = "SMSServiceShould/testSendSMS">
               </Test>
               <Test
                  Identifier = "KidoZenSMSTests">
               </Test>
               <Test
                  Identifier = "ADFIdentityProviderShould">
               </Test>
               <Test
                  Identifier = "AuthenticationServiceShould">
               </Test>
               <Test
                  Identifier = "ConfigurationServiceShould/testCreateConfiguration">
               </Test>
               <Test
                  Identifier = "ConfigurationServiceShould/testGetEntity">
               </Test>
               <Test
                  Identifier = "ConfigurationServiceShould/testRemoveConfiguration">
               </Test>
               <Test
                  Identifier = "SMSServiceShould">
               </Test>
               <Test
                  Identifier = "StorageMetadataSerialization">
               </Test>
               <Test
                  Identifier = "ConfigurationServiceShould/testGetAllConfigurations">
               </Test>
               <Test
                  Identifier = "EMailServiceShould/testShouldSendEmailWithMultiplesRecipients">
               </Test>
               <Test
                  Identifier = "ConfigurationServiceShould">
               </Test>
               <Test
                  Identifier = "EMailServiceShould">
               </Test>
               <Test
                  Identifier = "QueueServiceShould">
               </Test>
               <Test
                  Identifier = "LoggingServiceShould">
               </Test>
               <Test
                  Identifier = "StorageServiceShould">
               </Test>
            </SkippedTests>
         </TestableReference>
         <TestableReference
            skipped = "NO">
            <BuildableReference
               BuildableIdentifier = "primary"
               BlueprintIdentifier = "AA1E4B86183127860059314D"
               BuildableName = "sdk.integration.tests.xctest"
               BlueprintName = "sdk.integration.tests"
               ReferencedContainer = "container:kidozen.client.xcodeproj">
            </BuildableReference>
         </TestableReference>
      </Testables>
   </TestAction>
   <LaunchAction
      selectedDebuggerIdentifier = "Xcode.DebuggerFoundation.Debugger.LLDB"
      selectedLauncherIdentifier = "Xcode.DebuggerFoundation.Launcher.LLDB"
      launchStyle = "0"
      useCustomWorkingDirectory = "NO"
      buildConfiguration = "Debug"
      ignoresPersistentStateOnLaunch = "NO"
      debugDocumentVersioning = "YES"
      allowLocationSimulation = "YES">
      <AdditionalOptions>
      </AdditionalOptions>
   </LaunchAction>
   <ProfileAction
      shouldUseLaunchSchemeArgsEnv = "YES"
      savedToolIdentifier = ""
      useCustomWorkingDirectory = "NO"
      buildConfiguration = "Release"
      debugDocumentVersioning = "YES">
   </ProfileAction>
   <AnalyzeAction
      buildConfiguration = "Debug">
   </AnalyzeAction>
   <ArchiveAction
      buildConfiguration = "Release"
      revealArchiveInOrganizer = "YES">
   </ArchiveAction>
</Scheme>
