// !$*UTF8*$!
{
	archiveVersion = 1;
	classes = {
	};
	objectVersion = 46;
	objects = {

/* Begin PBXBuildFile section */
		6D12BC37195C63C100BBCB73 /* Foundation.framework in Frameworks */ = {isa = PBXBuildFile; fileRef = 6D12BC36195C63C100BBCB73 /* Foundation.framework */; };
		6D12BC39195C63C100BBCB73 /* CoreGraphics.framework in Frameworks */ = {isa = PBXBuildFile; fileRef = 6D12BC38195C63C100BBCB73 /* CoreGraphics.framework */; };
		6D12BC3B195C63C100BBCB73 /* UIKit.framework in Frameworks */ = {isa = PBXBuildFile; fileRef = 6D12BC3A195C63C100BBCB73 /* UIKit.framework */; };
		6D12BC41195C63C100BBCB73 /* InfoPlist.strings in Resources */ = {isa = PBXBuildFile; fileRef = 6D12BC3F195C63C100BBCB73 /* InfoPlist.strings */; };
		6D12BC43195C63C100BBCB73 /* main.m in Sources */ = {isa = PBXBuildFile; fileRef = 6D12BC42195C63C100BBCB73 /* main.m */; };
		6D12BC47195C63C100BBCB73 /* KZAppDelegate.m in Sources */ = {isa = PBXBuildFile; fileRef = 6D12BC46195C63C100BBCB73 /* KZAppDelegate.m */; };
		6D12BC49195C63C100BBCB73 /* Images.xcassets in Resources */ = {isa = PBXBuildFile; fileRef = 6D12BC48195C63C100BBCB73 /* Images.xcassets */; };
		6D12BC50195C63C100BBCB73 /* XCTest.framework in Frameworks */ = {isa = PBXBuildFile; fileRef = 6D12BC4F195C63C100BBCB73 /* XCTest.framework */; };
		6D12BC51195C63C100BBCB73 /* Foundation.framework in Frameworks */ = {isa = PBXBuildFile; fileRef = 6D12BC36195C63C100BBCB73 /* Foundation.framework */; };
		6D12BC52195C63C100BBCB73 /* UIKit.framework in Frameworks */ = {isa = PBXBuildFile; fileRef = 6D12BC3A195C63C100BBCB73 /* UIKit.framework */; };
		6D12BC5A195C63C100BBCB73 /* InfoPlist.strings in Resources */ = {isa = PBXBuildFile; fileRef = 6D12BC58195C63C100BBCB73 /* InfoPlist.strings */; };
		6D12BC5C195C63C100BBCB73 /* SamplePushTestAppTests.m in Sources */ = {isa = PBXBuildFile; fileRef = 6D12BC5B195C63C100BBCB73 /* SamplePushTestAppTests.m */; };
		6D12BC6A195C66E400BBCB73 /* MainViewController.m in Sources */ = {isa = PBXBuildFile; fileRef = 6D12BC68195C66E400BBCB73 /* MainViewController.m */; };
		6D12BC6B195C66E400BBCB73 /* MainViewController.xib in Resources */ = {isa = PBXBuildFile; fileRef = 6D12BC69195C66E400BBCB73 /* MainViewController.xib */; };
		6D12BC6D195C681400BBCB73 /* libicucore.dylib in Frameworks */ = {isa = PBXBuildFile; fileRef = 6D12BC6C195C681400BBCB73 /* libicucore.dylib */; };
		6D12BC6F195C681900BBCB73 /* libc++.dylib in Frameworks */ = {isa = PBXBuildFile; fileRef = 6D12BC6E195C681900BBCB73 /* libc++.dylib */; };
		6D1B2139196ED09D00088F5C /* kz.client.a in Frameworks */ = {isa = PBXBuildFile; fileRef = 6D1B2138196ED09D00088F5C /* kz.client.a */; };
/* End PBXBuildFile section */

/* Begin PBXContainerItemProxy section */
		6D12BC53195C63C100BBCB73 /* PBXContainerItemProxy */ = {
			isa = PBXContainerItemProxy;
			containerPortal = 6D12BC2B195C63C100BBCB73 /* Project object */;
			proxyType = 1;
			remoteGlobalIDString = 6D12BC32195C63C100BBCB73;
			remoteInfo = SamplePushTestApp;
		};
/* End PBXContainerItemProxy section */

/* Begin PBXFileReference section */
		6D12BC33195C63C100BBCB73 /* pushTestApp.app */ = {isa = PBXFileReference; explicitFileType = wrapper.application; includeInIndex = 0; path = pushTestApp.app; sourceTree = BUILT_PRODUCTS_DIR; };
		6D12BC36195C63C100BBCB73 /* Foundation.framework */ = {isa = PBXFileReference; lastKnownFileType = wrapper.framework; name = Foundation.framework; path = System/Library/Frameworks/Foundation.framework; sourceTree = SDKROOT; };
		6D12BC38195C63C100BBCB73 /* CoreGraphics.framework */ = {isa = PBXFileReference; lastKnownFileType = wrapper.framework; name = CoreGraphics.framework; path = System/Library/Frameworks/CoreGraphics.framework; sourceTree = SDKROOT; };
		6D12BC3A195C63C100BBCB73 /* UIKit.framework */ = {isa = PBXFileReference; lastKnownFileType = wrapper.framework; name = UIKit.framework; path = System/Library/Frameworks/UIKit.framework; sourceTree = SDKROOT; };
		6D12BC3E195C63C100BBCB73 /* PushTestApp-Info.plist */ = {isa = PBXFileReference; lastKnownFileType = text.plist.xml; path = "PushTestApp-Info.plist"; sourceTree = "<group>"; };
		6D12BC40195C63C100BBCB73 /* en */ = {isa = PBXFileReference; lastKnownFileType = text.plist.strings; name = en; path = en.lproj/InfoPlist.strings; sourceTree = "<group>"; };
		6D12BC42195C63C100BBCB73 /* main.m */ = {isa = PBXFileReference; lastKnownFileType = sourcecode.c.objc; path = main.m; sourceTree = "<group>"; };
		6D12BC44195C63C100BBCB73 /* PushTestApp-Prefix.pch */ = {isa = PBXFileReference; lastKnownFileType = sourcecode.c.h; path = "PushTestApp-Prefix.pch"; sourceTree = "<group>"; };
		6D12BC45195C63C100BBCB73 /* KZAppDelegate.h */ = {isa = PBXFileReference; lastKnownFileType = sourcecode.c.h; path = KZAppDelegate.h; sourceTree = "<group>"; };
		6D12BC46195C63C100BBCB73 /* KZAppDelegate.m */ = {isa = PBXFileReference; lastKnownFileType = sourcecode.c.objc; path = KZAppDelegate.m; sourceTree = "<group>"; };
		6D12BC48195C63C100BBCB73 /* Images.xcassets */ = {isa = PBXFileReference; lastKnownFileType = folder.assetcatalog; path = Images.xcassets; sourceTree = "<group>"; };
		6D12BC4E195C63C100BBCB73 /* PushTestAppTests.xctest */ = {isa = PBXFileReference; explicitFileType = wrapper.cfbundle; includeInIndex = 0; path = PushTestAppTests.xctest; sourceTree = BUILT_PRODUCTS_DIR; };
		6D12BC4F195C63C100BBCB73 /* XCTest.framework */ = {isa = PBXFileReference; lastKnownFileType = wrapper.framework; name = XCTest.framework; path = Library/Frameworks/XCTest.framework; sourceTree = DEVELOPER_DIR; };
		6D12BC57195C63C100BBCB73 /* PushTestAppTests-Info.plist */ = {isa = PBXFileReference; lastKnownFileType = text.plist.xml; path = "PushTestAppTests-Info.plist"; sourceTree = "<group>"; };
		6D12BC59195C63C100BBCB73 /* en */ = {isa = PBXFileReference; lastKnownFileType = text.plist.strings; name = en; path = en.lproj/InfoPlist.strings; sourceTree = "<group>"; };
		6D12BC5B195C63C100BBCB73 /* SamplePushTestAppTests.m */ = {isa = PBXFileReference; lastKnownFileType = sourcecode.c.objc; path = SamplePushTestAppTests.m; sourceTree = "<group>"; };
		6D12BC67195C66E400BBCB73 /* MainViewController.h */ = {isa = PBXFileReference; fileEncoding = 4; lastKnownFileType = sourcecode.c.h; name = MainViewController.h; path = src/MainViewController.h; sourceTree = "<group>"; };
		6D12BC68195C66E400BBCB73 /* MainViewController.m */ = {isa = PBXFileReference; fileEncoding = 4; lastKnownFileType = sourcecode.c.objc; name = MainViewController.m; path = src/MainViewController.m; sourceTree = "<group>"; };
		6D12BC69195C66E400BBCB73 /* MainViewController.xib */ = {isa = PBXFileReference; fileEncoding = 4; lastKnownFileType = file.xib; name = MainViewController.xib; path = src/MainViewController.xib; sourceTree = "<group>"; };
		6D12BC6C195C681400BBCB73 /* libicucore.dylib */ = {isa = PBXFileReference; lastKnownFileType = "compiled.mach-o.dylib"; name = libicucore.dylib; path = usr/lib/libicucore.dylib; sourceTree = SDKROOT; };
		6D12BC6E195C681900BBCB73 /* libc++.dylib */ = {isa = PBXFileReference; lastKnownFileType = "compiled.mach-o.dylib"; name = "libc++.dylib"; path = "usr/lib/libc++.dylib"; sourceTree = SDKROOT; };
		6D1B2138196ED09D00088F5C /* kz.client.a */ = {isa = PBXFileReference; lastKnownFileType = archive.ar; name = kz.client.a; path = ../../outputLibrary/kz.client.a; sourceTree = "<group>"; };
/* End PBXFileReference section */

/* Begin PBXFrameworksBuildPhase section */
		6D12BC30195C63C100BBCB73 /* Frameworks */ = {
			isa = PBXFrameworksBuildPhase;
			buildActionMask = 2147483647;
			files = (
				6D1B2139196ED09D00088F5C /* kz.client.a in Frameworks */,
				6D12BC6F195C681900BBCB73 /* libc++.dylib in Frameworks */,
				6D12BC6D195C681400BBCB73 /* libicucore.dylib in Frameworks */,
				6D12BC39195C63C100BBCB73 /* CoreGraphics.framework in Frameworks */,
				6D12BC3B195C63C100BBCB73 /* UIKit.framework in Frameworks */,
				6D12BC37195C63C100BBCB73 /* Foundation.framework in Frameworks */,
			);
			runOnlyForDeploymentPostprocessing = 0;
		};
		6D12BC4B195C63C100BBCB73 /* Frameworks */ = {
			isa = PBXFrameworksBuildPhase;
			buildActionMask = 2147483647;
			files = (
				6D12BC50195C63C100BBCB73 /* XCTest.framework in Frameworks */,
				6D12BC52195C63C100BBCB73 /* UIKit.framework in Frameworks */,
				6D12BC51195C63C100BBCB73 /* Foundation.framework in Frameworks */,
			);
			runOnlyForDeploymentPostprocessing = 0;
		};
/* End PBXFrameworksBuildPhase section */

/* Begin PBXGroup section */
		6D12BC2A195C63C100BBCB73 = {
			isa = PBXGroup;
			children = (
				6D12BC3C195C63C100BBCB73 /* PushTestApp */,
				6D12BC55195C63C100BBCB73 /* SamplePushTestAppTests */,
				6D12BC35195C63C100BBCB73 /* Frameworks */,
				6D12BC34195C63C100BBCB73 /* Products */,
			);
			sourceTree = "<group>";
		};
		6D12BC34195C63C100BBCB73 /* Products */ = {
			isa = PBXGroup;
			children = (
				6D12BC33195C63C100BBCB73 /* pushTestApp.app */,
				6D12BC4E195C63C100BBCB73 /* PushTestAppTests.xctest */,
			);
			name = Products;
			sourceTree = "<group>";
		};
		6D12BC35195C63C100BBCB73 /* Frameworks */ = {
			isa = PBXGroup;
			children = (
				6D1B2138196ED09D00088F5C /* kz.client.a */,
				6D12BC6E195C681900BBCB73 /* libc++.dylib */,
				6D12BC6C195C681400BBCB73 /* libicucore.dylib */,
				6D12BC36195C63C100BBCB73 /* Foundation.framework */,
				6D12BC38195C63C100BBCB73 /* CoreGraphics.framework */,
				6D12BC3A195C63C100BBCB73 /* UIKit.framework */,
				6D12BC4F195C63C100BBCB73 /* XCTest.framework */,
			);
			name = Frameworks;
			sourceTree = "<group>";
		};
		6D12BC3C195C63C100BBCB73 /* PushTestApp */ = {
			isa = PBXGroup;
			children = (
				6D12BC45195C63C100BBCB73 /* KZAppDelegate.h */,
				6D12BC46195C63C100BBCB73 /* KZAppDelegate.m */,
				6D12BC67195C66E400BBCB73 /* MainViewController.h */,
				6D12BC68195C66E400BBCB73 /* MainViewController.m */,
				6D12BC69195C66E400BBCB73 /* MainViewController.xib */,
				6D12BC48195C63C100BBCB73 /* Images.xcassets */,
				6D12BC3D195C63C100BBCB73 /* Supporting Files */,
			);
			name = PushTestApp;
			path = SamplePushTestApp;
			sourceTree = "<group>";
		};
		6D12BC3D195C63C100BBCB73 /* Supporting Files */ = {
			isa = PBXGroup;
			children = (
				6D12BC3E195C63C100BBCB73 /* PushTestApp-Info.plist */,
				6D12BC3F195C63C100BBCB73 /* InfoPlist.strings */,
				6D12BC42195C63C100BBCB73 /* main.m */,
				6D12BC44195C63C100BBCB73 /* PushTestApp-Prefix.pch */,
			);
			name = "Supporting Files";
			sourceTree = "<group>";
		};
		6D12BC55195C63C100BBCB73 /* SamplePushTestAppTests */ = {
			isa = PBXGroup;
			children = (
				6D12BC5B195C63C100BBCB73 /* SamplePushTestAppTests.m */,
				6D12BC56195C63C100BBCB73 /* Supporting Files */,
			);
			path = SamplePushTestAppTests;
			sourceTree = "<group>";
		};
		6D12BC56195C63C100BBCB73 /* Supporting Files */ = {
			isa = PBXGroup;
			children = (
				6D12BC57195C63C100BBCB73 /* PushTestAppTests-Info.plist */,
				6D12BC58195C63C100BBCB73 /* InfoPlist.strings */,
			);
			name = "Supporting Files";
			sourceTree = "<group>";
		};
/* End PBXGroup section */

/* Begin PBXNativeTarget section */
		6D12BC32195C63C100BBCB73 /* PushTestApp */ = {
			isa = PBXNativeTarget;
			buildConfigurationList = 6D12BC5F195C63C100BBCB73 /* Build configuration list for PBXNativeTarget "PushTestApp" */;
			buildPhases = (
				6D12BC2F195C63C100BBCB73 /* Sources */,
				6D12BC30195C63C100BBCB73 /* Frameworks */,
				6D12BC31195C63C100BBCB73 /* Resources */,
			);
			buildRules = (
			);
			dependencies = (
			);
			name = PushTestApp;
			productName = SamplePushTestApp;
			productReference = 6D12BC33195C63C100BBCB73 /* pushTestApp.app */;
			productType = "com.apple.product-type.application";
		};
		6D12BC4D195C63C100BBCB73 /* PushTestAppTests */ = {
			isa = PBXNativeTarget;
			buildConfigurationList = 6D12BC62195C63C100BBCB73 /* Build configuration list for PBXNativeTarget "PushTestAppTests" */;
			buildPhases = (
				6D12BC4A195C63C100BBCB73 /* Sources */,
				6D12BC4B195C63C100BBCB73 /* Frameworks */,
				6D12BC4C195C63C100BBCB73 /* Resources */,
			);
			buildRules = (
			);
			dependencies = (
				6D12BC54195C63C100BBCB73 /* PBXTargetDependency */,
			);
			name = PushTestAppTests;
			productName = SamplePushTestAppTests;
			productReference = 6D12BC4E195C63C100BBCB73 /* PushTestAppTests.xctest */;
			productType = "com.apple.product-type.bundle.unit-test";
		};
/* End PBXNativeTarget section */

/* Begin PBXProject section */
		6D12BC2B195C63C100BBCB73 /* Project object */ = {
			isa = PBXProject;
			attributes = {
				CLASSPREFIX = "";
				LastUpgradeCheck = 0510;
				ORGANIZATIONNAME = Kidozen;
				TargetAttributes = {
					6D12BC32195C63C100BBCB73 = {
						DevelopmentTeam = AH6FMFPPV3;
					};
					6D12BC4D195C63C100BBCB73 = {
						TestTargetID = 6D12BC32195C63C100BBCB73;
					};
				};
			};
			buildConfigurationList = 6D12BC2E195C63C100BBCB73 /* Build configuration list for PBXProject "PushTestApp" */;
			compatibilityVersion = "Xcode 3.2";
			developmentRegion = English;
			hasScannedForEncodings = 0;
			knownRegions = (
				en,
			);
			mainGroup = 6D12BC2A195C63C100BBCB73;
			productRefGroup = 6D12BC34195C63C100BBCB73 /* Products */;
			projectDirPath = "";
			projectRoot = "";
			targets = (
				6D12BC32195C63C100BBCB73 /* PushTestApp */,
				6D12BC4D195C63C100BBCB73 /* PushTestAppTests */,
			);
		};
/* End PBXProject section */

/* Begin PBXResourcesBuildPhase section */
		6D12BC31195C63C100BBCB73 /* Resources */ = {
			isa = PBXResourcesBuildPhase;
			buildActionMask = 2147483647;
			files = (
				6D12BC41195C63C100BBCB73 /* InfoPlist.strings in Resources */,
				6D12BC6B195C66E400BBCB73 /* MainViewController.xib in Resources */,
				6D12BC49195C63C100BBCB73 /* Images.xcassets in Resources */,
			);
			runOnlyForDeploymentPostprocessing = 0;
		};
		6D12BC4C195C63C100BBCB73 /* Resources */ = {
			isa = PBXResourcesBuildPhase;
			buildActionMask = 2147483647;
			files = (
				6D12BC5A195C63C100BBCB73 /* InfoPlist.strings in Resources */,
			);
			runOnlyForDeploymentPostprocessing = 0;
		};
/* End PBXResourcesBuildPhase section */

/* Begin PBXSourcesBuildPhase section */
		6D12BC2F195C63C100BBCB73 /* Sources */ = {
			isa = PBXSourcesBuildPhase;
			buildActionMask = 2147483647;
			files = (
				6D12BC43195C63C100BBCB73 /* main.m in Sources */,
				6D12BC6A195C66E400BBCB73 /* MainViewController.m in Sources */,
				6D12BC47195C63C100BBCB73 /* KZAppDelegate.m in Sources */,
			);
			runOnlyForDeploymentPostprocessing = 0;
		};
		6D12BC4A195C63C100BBCB73 /* Sources */ = {
			isa = PBXSourcesBuildPhase;
			buildActionMask = 2147483647;
			files = (
				6D12BC5C195C63C100BBCB73 /* SamplePushTestAppTests.m in Sources */,
			);
			runOnlyForDeploymentPostprocessing = 0;
		};
/* End PBXSourcesBuildPhase section */

/* Begin PBXTargetDependency section */
		6D12BC54195C63C100BBCB73 /* PBXTargetDependency */ = {
			isa = PBXTargetDependency;
			target = 6D12BC32195C63C100BBCB73 /* PushTestApp */;
			targetProxy = 6D12BC53195C63C100BBCB73 /* PBXContainerItemProxy */;
		};
/* End PBXTargetDependency section */

/* Begin PBXVariantGroup section */
		6D12BC3F195C63C100BBCB73 /* InfoPlist.strings */ = {
			isa = PBXVariantGroup;
			children = (
				6D12BC40195C63C100BBCB73 /* en */,
			);
			name = InfoPlist.strings;
			sourceTree = "<group>";
		};
		6D12BC58195C63C100BBCB73 /* InfoPlist.strings */ = {
			isa = PBXVariantGroup;
			children = (
				6D12BC59195C63C100BBCB73 /* en */,
			);
			name = InfoPlist.strings;
			sourceTree = "<group>";
		};
/* End PBXVariantGroup section */

/* Begin XCBuildConfiguration section */
		6D12BC5D195C63C100BBCB73 /* Debug */ = {
			isa = XCBuildConfiguration;
			buildSettings = {
				ALWAYS_SEARCH_USER_PATHS = NO;
				CLANG_CXX_LANGUAGE_STANDARD = "gnu++0x";
				CLANG_CXX_LIBRARY = "libc++";
				CLANG_ENABLE_MODULES = YES;
				CLANG_ENABLE_OBJC_ARC = YES;
				CLANG_WARN_BOOL_CONVERSION = YES;
				CLANG_WARN_CONSTANT_CONVERSION = YES;
				CLANG_WARN_DIRECT_OBJC_ISA_USAGE = YES_ERROR;
				CLANG_WARN_EMPTY_BODY = YES;
				CLANG_WARN_ENUM_CONVERSION = YES;
				CLANG_WARN_INT_CONVERSION = YES;
				CLANG_WARN_OBJC_ROOT_CLASS = YES_ERROR;
				CLANG_WARN__DUPLICATE_METHOD_MATCH = YES;
				"CODE_SIGN_IDENTITY[sdk=iphoneos*]" = "iPhone Developer";
				COPY_PHASE_STRIP = NO;
				GCC_C_LANGUAGE_STANDARD = gnu99;
				GCC_DYNAMIC_NO_PIC = NO;
				GCC_OPTIMIZATION_LEVEL = 0;
				GCC_PREPROCESSOR_DEFINITIONS = (
					"DEBUG=1",
					"$(inherited)",
				);
				GCC_SYMBOLS_PRIVATE_EXTERN = NO;
				GCC_WARN_64_TO_32_BIT_CONVERSION = YES;
				GCC_WARN_ABOUT_RETURN_TYPE = YES_ERROR;
				GCC_WARN_UNDECLARED_SELECTOR = YES;
				GCC_WARN_UNINITIALIZED_AUTOS = YES_AGGRESSIVE;
				GCC_WARN_UNUSED_FUNCTION = YES;
				GCC_WARN_UNUSED_VARIABLE = YES;
				HEADER_SEARCH_PATHS = (
					"$(inherited)",
					/Applications/Xcode.app/Contents/Developer/Toolchains/XcodeDefault.xctoolchain/usr/include,
					$SRCROOT/../../outputLibrary/include,
				);
				IPHONEOS_DEPLOYMENT_TARGET = 7.1;
				ONLY_ACTIVE_ARCH = YES;
				SDKROOT = iphoneos;
			};
			name = Debug;
		};
		6D12BC5E195C63C100BBCB73 /* Release */ = {
			isa = XCBuildConfiguration;
			buildSettings = {
				ALWAYS_SEARCH_USER_PATHS = NO;
				CLANG_CXX_LANGUAGE_STANDARD = "gnu++0x";
				CLANG_CXX_LIBRARY = "libc++";
				CLANG_ENABLE_MODULES = YES;
				CLANG_ENABLE_OBJC_ARC = YES;
				CLANG_WARN_BOOL_CONVERSION = YES;
				CLANG_WARN_CONSTANT_CONVERSION = YES;
				CLANG_WARN_DIRECT_OBJC_ISA_USAGE = YES_ERROR;
				CLANG_WARN_EMPTY_BODY = YES;
				CLANG_WARN_ENUM_CONVERSION = YES;
				CLANG_WARN_INT_CONVERSION = YES;
				CLANG_WARN_OBJC_ROOT_CLASS = YES_ERROR;
				CLANG_WARN__DUPLICATE_METHOD_MATCH = YES;
				"CODE_SIGN_IDENTITY[sdk=iphoneos*]" = "iPhone Developer";
				COPY_PHASE_STRIP = YES;
				ENABLE_NS_ASSERTIONS = NO;
				GCC_C_LANGUAGE_STANDARD = gnu99;
				GCC_WARN_64_TO_32_BIT_CONVERSION = YES;
				GCC_WARN_ABOUT_RETURN_TYPE = YES_ERROR;
				GCC_WARN_UNDECLARED_SELECTOR = YES;
				GCC_WARN_UNINITIALIZED_AUTOS = YES_AGGRESSIVE;
				GCC_WARN_UNUSED_FUNCTION = YES;
				GCC_WARN_UNUSED_VARIABLE = YES;
				HEADER_SEARCH_PATHS = (
					"$(inherited)",
					/Applications/Xcode.app/Contents/Developer/Toolchains/XcodeDefault.xctoolchain/usr/include,
					$SRCROOT/../../outputLibrary/include,
				);
				IPHONEOS_DEPLOYMENT_TARGET = 7.1;
				SDKROOT = iphoneos;
				VALIDATE_PRODUCT = YES;
			};
			name = Release;
		};
		6D12BC60195C63C100BBCB73 /* Debug */ = {
			isa = XCBuildConfiguration;
			buildSettings = {
				ASSETCATALOG_COMPILER_APPICON_NAME = AppIcon;
				ASSETCATALOG_COMPILER_LAUNCHIMAGE_NAME = LaunchImage;
				CODE_SIGN_IDENTITY = "iPhone Developer";
				GCC_PRECOMPILE_PREFIX_HEADER = YES;
				GCC_PREFIX_HEADER = "SamplePushTestApp/PushTestApp-Prefix.pch";
				HEADER_SEARCH_PATHS = (
					"$(SRCROOT)/SamplePushTestApp/kido-libs/include",
					"$(inherited)",
					/Applications/Xcode.app/Contents/Developer/Toolchains/XcodeDefault.xctoolchain/usr/include,
				);
				INFOPLIST_FILE = "SamplePushTestApp/PushTestApp-Info.plist";
				LIBRARY_SEARCH_PATHS = (
					"$(inherited)",
					"$(PROJECT_DIR)/SamplePushTestApp/kido-libs",
					"/Users/miya/src/kido-ios/outputLibrary",
				);
				OTHER_LDFLAGS = (
					"-ObjC",
					"-all_load",
				);
				PRODUCT_NAME = pushTestApp;
				PROVISIONING_PROFILE = "7F1F83E3-EBA5-4A0D-B891-253DCD53AA04";
				WRAPPER_EXTENSION = app;
			};
			name = Debug;
		};
		6D12BC61195C63C100BBCB73 /* Release */ = {
			isa = XCBuildConfiguration;
			buildSettings = {
				ASSETCATALOG_COMPILER_APPICON_NAME = AppIcon;
				ASSETCATALOG_COMPILER_LAUNCHIMAGE_NAME = LaunchImage;
				CODE_SIGN_IDENTITY = "iPhone Developer";
				GCC_PRECOMPILE_PREFIX_HEADER = YES;
				GCC_PREFIX_HEADER = "SamplePushTestApp/PushTestApp-Prefix.pch";
				HEADER_SEARCH_PATHS = (
					"$(SRCROOT)/SamplePushTestApp/kido-libs/include",
					"$(inherited)",
					/Applications/Xcode.app/Contents/Developer/Toolchains/XcodeDefault.xctoolchain/usr/include,
				);
				INFOPLIST_FILE = "SamplePushTestApp/PushTestApp-Info.plist";
				LIBRARY_SEARCH_PATHS = (
					"$(inherited)",
					"$(PROJECT_DIR)/SamplePushTestApp/kido-libs",
					"/Users/miya/src/kido-ios/outputLibrary",
				);
				OTHER_LDFLAGS = (
					"-ObjC",
					"-all_load",
				);
				PRODUCT_NAME = pushTestApp;
				PROVISIONING_PROFILE = "7F1F83E3-EBA5-4A0D-B891-253DCD53AA04";
				WRAPPER_EXTENSION = app;
			};
			name = Release;
		};
		6D12BC63195C63C100BBCB73 /* Debug */ = {
			isa = XCBuildConfiguration;
			buildSettings = {
				BUNDLE_LOADER = "$(BUILT_PRODUCTS_DIR)/SamplePushTestApp.app/SamplePushTestApp";
				FRAMEWORK_SEARCH_PATHS = (
					"$(SDKROOT)/Developer/Library/Frameworks",
					"$(inherited)",
					"$(DEVELOPER_FRAMEWORKS_DIR)",
				);
				GCC_PRECOMPILE_PREFIX_HEADER = YES;
				GCC_PREFIX_HEADER = "SamplePushTestApp/SamplePushTestApp-Prefix.pch";
				GCC_PREPROCESSOR_DEFINITIONS = (
					"DEBUG=1",
					"$(inherited)",
				);
				INFOPLIST_FILE = "SamplePushTestAppTests/PushTestAppTests-Info.plist";
				PRODUCT_NAME = PushTestAppTests;
				TEST_HOST = "$(BUNDLE_LOADER)";
				WRAPPER_EXTENSION = xctest;
			};
			name = Debug;
		};
		6D12BC64195C63C100BBCB73 /* Release */ = {
			isa = XCBuildConfiguration;
			buildSettings = {
				BUNDLE_LOADER = "$(BUILT_PRODUCTS_DIR)/SamplePushTestApp.app/SamplePushTestApp";
				FRAMEWORK_SEARCH_PATHS = (
					"$(SDKROOT)/Developer/Library/Frameworks",
					"$(inherited)",
					"$(DEVELOPER_FRAMEWORKS_DIR)",
				);
				GCC_PRECOMPILE_PREFIX_HEADER = YES;
				GCC_PREFIX_HEADER = "SamplePushTestApp/SamplePushTestApp-Prefix.pch";
				INFOPLIST_FILE = "SamplePushTestAppTests/PushTestAppTests-Info.plist";
				PRODUCT_NAME = PushTestAppTests;
				TEST_HOST = "$(BUNDLE_LOADER)";
				WRAPPER_EXTENSION = xctest;
			};
			name = Release;
		};
/* End XCBuildConfiguration section */

/* Begin XCConfigurationList section */
		6D12BC2E195C63C100BBCB73 /* Build configuration list for PBXProject "PushTestApp" */ = {
			isa = XCConfigurationList;
			buildConfigurations = (
				6D12BC5D195C63C100BBCB73 /* Debug */,
				6D12BC5E195C63C100BBCB73 /* Release */,
			);
			defaultConfigurationIsVisible = 0;
			defaultConfigurationName = Release;
		};
		6D12BC5F195C63C100BBCB73 /* Build configuration list for PBXNativeTarget "PushTestApp" */ = {
			isa = XCConfigurationList;
			buildConfigurations = (
				6D12BC60195C63C100BBCB73 /* Debug */,
				6D12BC61195C63C100BBCB73 /* Release */,
			);
			defaultConfigurationIsVisible = 0;
			defaultConfigurationName = Release;
		};
		6D12BC62195C63C100BBCB73 /* Build configuration list for PBXNativeTarget "PushTestAppTests" */ = {
			isa = XCConfigurationList;
			buildConfigurations = (
				6D12BC63195C63C100BBCB73 /* Debug */,
				6D12BC64195C63C100BBCB73 /* Release */,
			);
			defaultConfigurationIsVisible = 0;
			defaultConfigurationName = Release;
		};
/* End XCConfigurationList section */
	};
	rootObject = 6D12BC2B195C63C100BBCB73 /* Project object */;
}
